{
    "_readme": [
        "This file locks the dependencies of your project to a known state",
        "Read more about it at http://getcomposer.org/doc/01-basic-usage.md#composer-lock-the-lock-file",
        "This file is @generated automatically"
    ],
    "hash": "49317be4c40de9cb8e41a1d14c0b7a0b",
    "packages": [
        {
            "name": "my-app/library",
            "version": "dev-master",
            "source": {
                "type": "git",
                "url": "../lib",
                "reference": "fed58810ed3a156504016a4f316a838845081b85"
            },
            "require": {
                "php": "~5.4"
            },
            "type": "library",
            "autoload": {
                "psr-4": {
                    "MyApp\\": "src/"
                }
            },
            "license": [
                "MIT"
            ],
            "description": "Fabulous example library",
            "time": "2014-06-05 17:44:17"
        }
    ],
    "packages-dev": [

    ],
    "aliases": [

    ],
    "minimum-stability": "stable",
    "stability-flags": {
        "my-app/library": 20
    },
    "platform": [

    ],
    "platform-dev": [

    ]
}
